
Microsoft Visual Studio Solution File, Format Version 12.00
# Visual Studio Version 17
VisualStudioVersion = 17.13.35825.156 d17.13
MinimumVisualStudioVersion = 10.0.40219.1
Project("{FAE04EC0-301F-11D3-BF4B-00C04F79EFBC}") = "lab3", "lab3.csproj", "{E6B9AA06-EE6B-42CD-90A8-ABBA0C20584B}"
EndProject
Global
	GlobalSection(SolutionConfigurationPlatforms) = preSolution
		Debug|Any CPU = Debug|Any CPU
		Release|Any CPU = Release|Any CPU
	EndGlobalSection
	GlobalSection(ProjectConfigurationPlatforms) = postSolution
		{E6B9AA06-EE6B-42CD-90A8-ABBA0C20584B}.Debug|Any CPU.ActiveCfg = Debug|Any CPU
		{E6B9AA06-EE6B-42CD-90A8-ABBA0C20584B}.Debug|Any CPU.Build.0 = Debug|Any CPU
		{E6B9AA06-EE6B-42CD-90A8-ABBA0C20584B}.Release|Any CPU.ActiveCfg = Release|Any CPU
		{E6B9AA06-EE6B-42CD-90A8-ABBA0C20584B}.Release|Any CPU.Build.0 = Release|Any CPU
	EndGlobalSection
	GlobalSection(SolutionProperties) = preSolution
		HideSolutionNode = FALSE
	EndGlobalSection
	GlobalSection(ExtensibilityGlobals) = postSolution
		SolutionGuid = {258E40AC-2D6B-455E-BFEE-39BD4FFB726E}
	EndGlobalSection
EndGlobal
